
Microsoft Visual Studio Solution File, Format Version 12.00
# Visual Studio Version 16
VisualStudioVersion = 16.0.28803.352
MinimumVisualStudioVersion = 10.0.40219.1
Project("{2150E333-8FDC-42A3-9474-1A3956D46DE8}") = "Solution Items", "Solution Items", "{DB28BA4A-5CEF-4F6A-813B-4E22068C1350}"
	ProjectSection(SolutionItems) = preProject
		.gitattributes = .gitattributes
		.gitignore = .gitignore
		azure-pipelines.yml = azure-pipelines.yml
		CONTRIBUTING.md = CONTRIBUTING.md
		images\How-it-works.png = images\How-it-works.png
		LICENSE.txt = LICENSE.txt
		images\Parbad-128x128.png = images\Parbad-128x128.png
		images\Parbad-256x256.png = images\Parbad-256x256.png
		images\ParbadVirtualGateway.v2.png = images\ParbadVirtualGateway.v2.png
		README.md = README.md
	EndProjectSection
EndProject
Project("{2150E333-8FDC-42A3-9474-1A3956D46DE8}") = "samples", "samples", "{4BA4953D-151E-4805-9B33-FD6AC7E0A481}"
EndProject
Project("{FAE04EC0-301F-11D3-BF4B-00C04F79EFBC}") = "Parbad.Sample.Mvc", "samples\Parbad.Sample.Mvc\Parbad.Sample.Mvc.csproj", "{3A52916C-717C-46AA-B8C1-2D193B1C065B}"
EndProject
Project("{FAE04EC0-301F-11D3-BF4B-00C04F79EFBC}") = "Parbad.Sample.WebForm", "samples\Parbad.Sample.WebForm\Parbad.Sample.WebForm.csproj", "{C959900B-EAC6-46EE-97EA-09BD0B4428B1}"
EndProject
Project("{9A19103F-16F7-4668-BE54-9A1E7A4F7556}") = "Parbad.Sample.AspNetCore", "samples\Parbad.Sample.AspNetCore\Parbad.Sample.AspNetCore.csproj", "{E0A5E310-0796-4F84-A19A-714173B70529}"
EndProject
Project("{2150E333-8FDC-42A3-9474-1A3956D46DE8}") = "test", "test", "{6BB6AFB4-7951-4435-8C10-95AF86B200F8}"
EndProject
Project("{FAE04EC0-301F-11D3-BF4B-00C04F79EFBC}") = "Parbad.Tests.Helpers", "tests\Parbad.Tests.Helpers\Parbad.Tests.Helpers.csproj", "{0734FA60-C72F-4B48-90EB-EDA83D8394D2}"
EndProject
Project("{2150E333-8FDC-42A3-9474-1A3956D46DE8}") = "src", "src", "{571BD034-8370-432B-9B18-4C6FA697121C}"
EndProject
Project("{2150E333-8FDC-42A3-9474-1A3956D46DE8}") = "Parbad", "Parbad", "{798D045E-BA67-4589-B7A2-5FD7B9FD76E8}"
EndProject
Project("{9A19103F-16F7-4668-BE54-9A1E7A4F7556}") = "Parbad", "src\Parbad\src\Parbad.csproj", "{53D0B3CC-2FD4-4113-A368-60715FB8518E}"
EndProject
Project("{9A19103F-16F7-4668-BE54-9A1E7A4F7556}") = "Parbad.Tests", "src\Parbad\tests\Parbad.Tests.csproj", "{CCBF0882-F80C-4AFF-9B7E-02850C6CA176}"
EndProject
Project("{2150E333-8FDC-42A3-9474-1A3956D46DE8}") = "Parbad.Owin", "Parbad.Owin", "{A3C1419F-B41D-4292-B9C4-82450E90A1D2}"
EndProject
Project("{9A19103F-16F7-4668-BE54-9A1E7A4F7556}") = "Parbad.Owin", "src\Parbad.Owin\src\Parbad.Owin.csproj", "{A1815D72-31A8-45BF-95B5-2A1F1008E0F8}"
EndProject
Project("{2150E333-8FDC-42A3-9474-1A3956D46DE8}") = "Parbad.Mvc", "Parbad.Mvc", "{BCE34A6A-59A8-4857-9537-BB296197B02D}"
EndProject
Project("{9A19103F-16F7-4668-BE54-9A1E7A4F7556}") = "Parbad.Mvc", "src\Parbad.Mvc\src\Parbad.Mvc.csproj", "{19FBD363-C6F1-4DFC-A311-DA8485B6F8A4}"
EndProject
Project("{2150E333-8FDC-42A3-9474-1A3956D46DE8}") = "Parbad.AspNetCore", "Parbad.AspNetCore", "{D9DA38CB-C299-4CA4-B77F-942E58AF127D}"
EndProject
Project("{9A19103F-16F7-4668-BE54-9A1E7A4F7556}") = "Parbad.AspNetCore", "src\Parbad.AspNetCore\src\Parbad.AspNetCore.csproj", "{8C3DE484-FEBF-4CCC-A903-769C883C4E7E}"
EndProject
Project("{2150E333-8FDC-42A3-9474-1A3956D46DE8}") = "Parbad.Storage", "Parbad.Storage", "{8B821C90-99A7-420E-9A3B-FB9F370C62A0}"
EndProject
Project("{2150E333-8FDC-42A3-9474-1A3956D46DE8}") = "Cache", "Cache", "{C326BFDC-3590-4EC2-ACD2-B73FDBCD81D7}"
EndProject
Project("{9A19103F-16F7-4668-BE54-9A1E7A4F7556}") = "Parbad.Storage.Cache", "src\Parbad.Storage\Cache\src\Parbad.Storage.Cache.csproj", "{CB53D8C8-452A-4D74-A3D9-CBE9167009DD}"
EndProject
Project("{2150E333-8FDC-42A3-9474-1A3956D46DE8}") = "EntityFrameworkCore", "EntityFrameworkCore", "{7EF1A53E-23E8-4835-9B4D-2107F7281868}"
EndProject
Project("{9A19103F-16F7-4668-BE54-9A1E7A4F7556}") = "Parbad.Storage.EntityFrameworkCore", "src\Parbad.Storage\EntityFrameworkCore\src\Parbad.Storage.EntityFrameworkCore.csproj", "{601E9A72-3154-4D7B-AADA-68167A60E29E}"
EndProject
Project("{2150E333-8FDC-42A3-9474-1A3956D46DE8}") = "Parbad.Gateway", "Parbad.Gateway", "{B1447D20-66E0-46FB-B0DB-BCBEBA7B337A}"
EndProject
Project("{2150E333-8FDC-42A3-9474-1A3956D46DE8}") = "ZarinPal", "ZarinPal", "{C1FDB721-053D-4AA7-965F-23D59E2527B5}"
EndProject
Project("{9A19103F-16F7-4668-BE54-9A1E7A4F7556}") = "Parbad.Gateway.ZarinPal", "src\Parbad.Gateway\ZarinPal\src\Parbad.Gateway.ZarinPal.csproj", "{0F2CD6C7-3D9A-4D9D-9132-AFBCBDA3F47C}"
EndProject
Project("{2150E333-8FDC-42A3-9474-1A3956D46DE8}") = "PayIr", "PayIr", "{C1FA7E7B-EF96-4BA9-BD8B-2DF11191BCC3}"
EndProject
Project("{9A19103F-16F7-4668-BE54-9A1E7A4F7556}") = "Parbad.Gateway.PayIr", "src\Parbad.Gateway\PayIr\src\Parbad.Gateway.PayIr.csproj", "{A2E36E0D-D40F-46F7-90DF-B7498D0BCE22}"
EndProject
Project("{2150E333-8FDC-42A3-9474-1A3956D46DE8}") = "IdPay", "IdPay", "{B9DD0A95-4A58-4196-8394-2EB33B93D395}"
EndProject
Project("{9A19103F-16F7-4668-BE54-9A1E7A4F7556}") = "Parbad.Gateway.IdPay", "src\Parbad.Gateway\IdPay\src\Parbad.Gateway.IdPay.csproj", "{8089DAB8-CD14-4FFE-BC5F-F84EF9CDE60F}"
EndProject
Project("{2150E333-8FDC-42A3-9474-1A3956D46DE8}") = "Sepehr", "Sepehr", "{1EF96D66-1D9D-4D82-9094-6FE841B22BE2}"
EndProject
Project("{9A19103F-16F7-4668-BE54-9A1E7A4F7556}") = "Parbad.Gateway.Sepehr", "src\Parbad.Gateway\Sepehr\src\Parbad.Gateway.Sepehr.csproj", "{3DE7D493-E7DF-4FEA-B589-2A38C19BC6E5}"
EndProject
Project("{2150E333-8FDC-42A3-9474-1A3956D46DE8}") = "YekPay", "YekPay", "{2A049243-9D42-4B34-B6B5-1BB11C65D2B6}"
EndProject
Project("{9A19103F-16F7-4668-BE54-9A1E7A4F7556}") = "Parbad.Gateway.YekPay", "src\Parbad.Gateway\YekPay\src\Parbad.Gateway.YekPay.csproj", "{9AAFC4B2-678C-4C80-9F1E-8D97C029E598}"
EndProject
Global
	GlobalSection(SolutionConfigurationPlatforms) = preSolution
		Debug|Any CPU = Debug|Any CPU
		Release|Any CPU = Release|Any CPU
	EndGlobalSection
	GlobalSection(ProjectConfigurationPlatforms) = postSolution
		{3A52916C-717C-46AA-B8C1-2D193B1C065B}.Debug|Any CPU.ActiveCfg = Debug|Any CPU
		{3A52916C-717C-46AA-B8C1-2D193B1C065B}.Debug|Any CPU.Build.0 = Debug|Any CPU
		{3A52916C-717C-46AA-B8C1-2D193B1C065B}.Release|Any CPU.ActiveCfg = Release|Any CPU
		{3A52916C-717C-46AA-B8C1-2D193B1C065B}.Release|Any CPU.Build.0 = Release|Any CPU
		{C959900B-EAC6-46EE-97EA-09BD0B4428B1}.Debug|Any CPU.ActiveCfg = Debug|Any CPU
		{C959900B-EAC6-46EE-97EA-09BD0B4428B1}.Debug|Any CPU.Build.0 = Debug|Any CPU
		{C959900B-EAC6-46EE-97EA-09BD0B4428B1}.Release|Any CPU.ActiveCfg = Release|Any CPU
		{C959900B-EAC6-46EE-97EA-09BD0B4428B1}.Release|Any CPU.Build.0 = Release|Any CPU
		{E0A5E310-0796-4F84-A19A-714173B70529}.Debug|Any CPU.ActiveCfg = Debug|Any CPU
		{E0A5E310-0796-4F84-A19A-714173B70529}.Debug|Any CPU.Build.0 = Debug|Any CPU
		{E0A5E310-0796-4F84-A19A-714173B70529}.Release|Any CPU.ActiveCfg = Release|Any CPU
		{E0A5E310-0796-4F84-A19A-714173B70529}.Release|Any CPU.Build.0 = Release|Any CPU
		{53D0B3CC-2FD4-4113-A368-60715FB8518E}.Debug|Any CPU.ActiveCfg = Debug|Any CPU
		{53D0B3CC-2FD4-4113-A368-60715FB8518E}.Debug|Any CPU.Build.0 = Debug|Any CPU
		{53D0B3CC-2FD4-4113-A368-60715FB8518E}.Release|Any CPU.ActiveCfg = Release|Any CPU
		{53D0B3CC-2FD4-4113-A368-60715FB8518E}.Release|Any CPU.Build.0 = Release|Any CPU
		{CCBF0882-F80C-4AFF-9B7E-02850C6CA176}.Debug|Any CPU.ActiveCfg = Debug|Any CPU
		{CCBF0882-F80C-4AFF-9B7E-02850C6CA176}.Debug|Any CPU.Build.0 = Debug|Any CPU
		{CCBF0882-F80C-4AFF-9B7E-02850C6CA176}.Release|Any CPU.ActiveCfg = Release|Any CPU
		{CCBF0882-F80C-4AFF-9B7E-02850C6CA176}.Release|Any CPU.Build.0 = Release|Any CPU
		{A1815D72-31A8-45BF-95B5-2A1F1008E0F8}.Debug|Any CPU.ActiveCfg = Debug|Any CPU
		{A1815D72-31A8-45BF-95B5-2A1F1008E0F8}.Debug|Any CPU.Build.0 = Debug|Any CPU
		{A1815D72-31A8-45BF-95B5-2A1F1008E0F8}.Release|Any CPU.ActiveCfg = Release|Any CPU
		{A1815D72-31A8-45BF-95B5-2A1F1008E0F8}.Release|Any CPU.Build.0 = Release|Any CPU
		{19FBD363-C6F1-4DFC-A311-DA8485B6F8A4}.Debug|Any CPU.ActiveCfg = Debug|Any CPU
		{19FBD363-C6F1-4DFC-A311-DA8485B6F8A4}.Debug|Any CPU.Build.0 = Debug|Any CPU
		{19FBD363-C6F1-4DFC-A311-DA8485B6F8A4}.Release|Any CPU.ActiveCfg = Release|Any CPU
		{19FBD363-C6F1-4DFC-A311-DA8485B6F8A4}.Release|Any CPU.Build.0 = Release|Any CPU
		{8C3DE484-FEBF-4CCC-A903-769C883C4E7E}.Debug|Any CPU.ActiveCfg = Debug|Any CPU
		{8C3DE484-FEBF-4CCC-A903-769C883C4E7E}.Debug|Any CPU.Build.0 = Debug|Any CPU
		{8C3DE484-FEBF-4CCC-A903-769C883C4E7E}.Release|Any CPU.ActiveCfg = Release|Any CPU
		{8C3DE484-FEBF-4CCC-A903-769C883C4E7E}.Release|Any CPU.Build.0 = Release|Any CPU
		{CB53D8C8-452A-4D74-A3D9-CBE9167009DD}.Debug|Any CPU.ActiveCfg = Debug|Any CPU
		{CB53D8C8-452A-4D74-A3D9-CBE9167009DD}.Debug|Any CPU.Build.0 = Debug|Any CPU
		{CB53D8C8-452A-4D74-A3D9-CBE9167009DD}.Release|Any CPU.ActiveCfg = Release|Any CPU
		{CB53D8C8-452A-4D74-A3D9-CBE9167009DD}.Release|Any CPU.Build.0 = Release|Any CPU
		{601E9A72-3154-4D7B-AADA-68167A60E29E}.Debug|Any CPU.ActiveCfg = Debug|Any CPU
		{601E9A72-3154-4D7B-AADA-68167A60E29E}.Debug|Any CPU.Build.0 = Debug|Any CPU
		{601E9A72-3154-4D7B-AADA-68167A60E29E}.Release|Any CPU.ActiveCfg = Release|Any CPU
		{601E9A72-3154-4D7B-AADA-68167A60E29E}.Release|Any CPU.Build.0 = Release|Any CPU
		{0F2CD6C7-3D9A-4D9D-9132-AFBCBDA3F47C}.Debug|Any CPU.ActiveCfg = Debug|Any CPU
		{0F2CD6C7-3D9A-4D9D-9132-AFBCBDA3F47C}.Debug|Any CPU.Build.0 = Debug|Any CPU
		{0F2CD6C7-3D9A-4D9D-9132-AFBCBDA3F47C}.Release|Any CPU.ActiveCfg = Release|Any CPU
		{0F2CD6C7-3D9A-4D9D-9132-AFBCBDA3F47C}.Release|Any CPU.Build.0 = Release|Any CPU
		{A2E36E0D-D40F-46F7-90DF-B7498D0BCE22}.Debug|Any CPU.ActiveCfg = Debug|Any CPU
		{A2E36E0D-D40F-46F7-90DF-B7498D0BCE22}.Debug|Any CPU.Build.0 = Debug|Any CPU
		{A2E36E0D-D40F-46F7-90DF-B7498D0BCE22}.Release|Any CPU.ActiveCfg = Release|Any CPU
		{A2E36E0D-D40F-46F7-90DF-B7498D0BCE22}.Release|Any CPU.Build.0 = Release|Any CPU
		{8089DAB8-CD14-4FFE-BC5F-F84EF9CDE60F}.Debug|Any CPU.ActiveCfg = Debug|Any CPU
		{8089DAB8-CD14-4FFE-BC5F-F84EF9CDE60F}.Debug|Any CPU.Build.0 = Debug|Any CPU
		{8089DAB8-CD14-4FFE-BC5F-F84EF9CDE60F}.Release|Any CPU.ActiveCfg = Release|Any CPU
		{8089DAB8-CD14-4FFE-BC5F-F84EF9CDE60F}.Release|Any CPU.Build.0 = Release|Any CPU
		{3DE7D493-E7DF-4FEA-B589-2A38C19BC6E5}.Debug|Any CPU.ActiveCfg = Debug|Any CPU
		{3DE7D493-E7DF-4FEA-B589-2A38C19BC6E5}.Debug|Any CPU.Build.0 = Debug|Any CPU
		{3DE7D493-E7DF-4FEA-B589-2A38C19BC6E5}.Release|Any CPU.ActiveCfg = Release|Any CPU
		{3DE7D493-E7DF-4FEA-B589-2A38C19BC6E5}.Release|Any CPU.Build.0 = Release|Any CPU
		{9AAFC4B2-678C-4C80-9F1E-8D97C029E598}.Debug|Any CPU.ActiveCfg = Debug|Any CPU
		{9AAFC4B2-678C-4C80-9F1E-8D97C029E598}.Debug|Any CPU.Build.0 = Debug|Any CPU
		{9AAFC4B2-678C-4C80-9F1E-8D97C029E598}.Release|Any CPU.ActiveCfg = Release|Any CPU
		{9AAFC4B2-678C-4C80-9F1E-8D97C029E598}.Release|Any CPU.Build.0 = Release|Any CPU
		{0734FA60-C72F-4B48-90EB-EDA83D8394D2}.Debug|Any CPU.ActiveCfg = Debug|Any CPU
		{0734FA60-C72F-4B48-90EB-EDA83D8394D2}.Debug|Any CPU.Build.0 = Debug|Any CPU
		{0734FA60-C72F-4B48-90EB-EDA83D8394D2}.Release|Any CPU.ActiveCfg = Release|Any CPU
		{0734FA60-C72F-4B48-90EB-EDA83D8394D2}.Release|Any CPU.Build.0 = Release|Any CPU
	EndGlobalSection
	GlobalSection(SolutionProperties) = preSolution
		HideSolutionNode = FALSE
	EndGlobalSection
	GlobalSection(NestedProjects) = preSolution
		{3A52916C-717C-46AA-B8C1-2D193B1C065B} = {4BA4953D-151E-4805-9B33-FD6AC7E0A481}
		{C959900B-EAC6-46EE-97EA-09BD0B4428B1} = {4BA4953D-151E-4805-9B33-FD6AC7E0A481}
		{E0A5E310-0796-4F84-A19A-714173B70529} = {4BA4953D-151E-4805-9B33-FD6AC7E0A481}
		{798D045E-BA67-4589-B7A2-5FD7B9FD76E8} = {571BD034-8370-432B-9B18-4C6FA697121C}
		{53D0B3CC-2FD4-4113-A368-60715FB8518E} = {798D045E-BA67-4589-B7A2-5FD7B9FD76E8}
		{CCBF0882-F80C-4AFF-9B7E-02850C6CA176} = {798D045E-BA67-4589-B7A2-5FD7B9FD76E8}
		{A3C1419F-B41D-4292-B9C4-82450E90A1D2} = {571BD034-8370-432B-9B18-4C6FA697121C}
		{A1815D72-31A8-45BF-95B5-2A1F1008E0F8} = {A3C1419F-B41D-4292-B9C4-82450E90A1D2}
		{BCE34A6A-59A8-4857-9537-BB296197B02D} = {571BD034-8370-432B-9B18-4C6FA697121C}
		{19FBD363-C6F1-4DFC-A311-DA8485B6F8A4} = {BCE34A6A-59A8-4857-9537-BB296197B02D}
		{D9DA38CB-C299-4CA4-B77F-942E58AF127D} = {571BD034-8370-432B-9B18-4C6FA697121C}
		{8C3DE484-FEBF-4CCC-A903-769C883C4E7E} = {D9DA38CB-C299-4CA4-B77F-942E58AF127D}
		{8B821C90-99A7-420E-9A3B-FB9F370C62A0} = {571BD034-8370-432B-9B18-4C6FA697121C}
		{C326BFDC-3590-4EC2-ACD2-B73FDBCD81D7} = {8B821C90-99A7-420E-9A3B-FB9F370C62A0}
		{CB53D8C8-452A-4D74-A3D9-CBE9167009DD} = {C326BFDC-3590-4EC2-ACD2-B73FDBCD81D7}
		{7EF1A53E-23E8-4835-9B4D-2107F7281868} = {8B821C90-99A7-420E-9A3B-FB9F370C62A0}
		{601E9A72-3154-4D7B-AADA-68167A60E29E} = {7EF1A53E-23E8-4835-9B4D-2107F7281868}
		{B1447D20-66E0-46FB-B0DB-BCBEBA7B337A} = {571BD034-8370-432B-9B18-4C6FA697121C}
		{C1FDB721-053D-4AA7-965F-23D59E2527B5} = {B1447D20-66E0-46FB-B0DB-BCBEBA7B337A}
		{0F2CD6C7-3D9A-4D9D-9132-AFBCBDA3F47C} = {C1FDB721-053D-4AA7-965F-23D59E2527B5}
		{C1FA7E7B-EF96-4BA9-BD8B-2DF11191BCC3} = {B1447D20-66E0-46FB-B0DB-BCBEBA7B337A}
		{A2E36E0D-D40F-46F7-90DF-B7498D0BCE22} = {C1FA7E7B-EF96-4BA9-BD8B-2DF11191BCC3}
		{B9DD0A95-4A58-4196-8394-2EB33B93D395} = {B1447D20-66E0-46FB-B0DB-BCBEBA7B337A}
		{8089DAB8-CD14-4FFE-BC5F-F84EF9CDE60F} = {B9DD0A95-4A58-4196-8394-2EB33B93D395}
		{1EF96D66-1D9D-4D82-9094-6FE841B22BE2} = {B1447D20-66E0-46FB-B0DB-BCBEBA7B337A}
		{3DE7D493-E7DF-4FEA-B589-2A38C19BC6E5} = {1EF96D66-1D9D-4D82-9094-6FE841B22BE2}
		{2A049243-9D42-4B34-B6B5-1BB11C65D2B6} = {B1447D20-66E0-46FB-B0DB-BCBEBA7B337A}
		{9AAFC4B2-678C-4C80-9F1E-8D97C029E598} = {2A049243-9D42-4B34-B6B5-1BB11C65D2B6}
		{0734FA60-C72F-4B48-90EB-EDA83D8394D2} = {6BB6AFB4-7951-4435-8C10-95AF86B200F8}
	EndGlobalSection
	GlobalSection(ExtensibilityGlobals) = postSolution
		SolutionGuid = {CBDDB699-C14A-4235-B0AE-32725230B4ED}
	EndGlobalSection
EndGlobal
