
Microsoft Visual Studio Solution File, Format Version 12.00
# Visual Studio Version 16
VisualStudioVersion = 16.0.31515.178
MinimumVisualStudioVersion = 10.0.40219.1
Project("{FAE04EC0-301F-11D3-BF4B-00C04F79EFBC}") = "Parbad.Gateway.FanAva", "Parbad.Gateway.FanAva.csproj", "{858669D3-3B51-4E13-A27C-58C991E1260E}"
EndProject
Global
	GlobalSection(SolutionConfigurationPlatforms) = preSolution
		Debug|Any CPU = Debug|Any CPU
		Release|Any CPU = Release|Any CPU
	EndGlobalSection
	GlobalSection(ProjectConfigurationPlatforms) = postSolution
		{858669D3-3B51-4E13-A27C-58C991E1260E}.Debug|Any CPU.ActiveCfg = Debug|Any CPU
		{858669D3-3B51-4E13-A27C-58C991E1260E}.Debug|Any CPU.Build.0 = Debug|Any CPU
		{858669D3-3B51-4E13-A27C-58C991E1260E}.Release|Any CPU.ActiveCfg = Release|Any CPU
		{858669D3-3B51-4E13-A27C-58C991E1260E}.Release|Any CPU.Build.0 = Release|Any CPU
	EndGlobalSection
	GlobalSection(SolutionProperties) = preSolution
		HideSolutionNode = FALSE
	EndGlobalSection
	GlobalSection(ExtensibilityGlobals) = postSolution
		SolutionGuid = {78046237-E4DB-48DB-A03E-18BCF7389249}
	EndGlobalSection
EndGlobal
